
Microsoft Visual Studio Solution File, Format Version 12.00
# Visual Studio Version 16
VisualStudioVersion = 16.0.30309.148
MinimumVisualStudioVersion = 10.0.40219.1
Project("{FAE04EC0-301F-11D3-BF4B-00C04F79EFBC}") = "Part-8 Hangman", "Part-8 Hangman.csproj", "{98FA68CC-3009-4845-B81E-6DE6282B5F21}"
EndProject
Global
	GlobalSection(SolutionConfigurationPlatforms) = preSolution
		Debug|Any CPU = Debug|Any CPU
		Release|Any CPU = Release|Any CPU
	EndGlobalSection
	GlobalSection(ProjectConfigurationPlatforms) = postSolution
		{98FA68CC-3009-4845-B81E-6DE6282B5F21}.Debug|Any CPU.ActiveCfg = Debug|Any CPU
		{98FA68CC-3009-4845-B81E-6DE6282B5F21}.Debug|Any CPU.Build.0 = Debug|Any CPU
		{98FA68CC-3009-4845-B81E-6DE6282B5F21}.Release|Any CPU.ActiveCfg = Release|Any CPU
		{98FA68CC-3009-4845-B81E-6DE6282B5F21}.Release|Any CPU.Build.0 = Release|Any CPU
	EndGlobalSection
	GlobalSection(SolutionProperties) = preSolution
		HideSolutionNode = FALSE
	EndGlobalSection
	GlobalSection(ExtensibilityGlobals) = postSolution
		SolutionGuid = {02DB039B-5FA2-4263-905A-F54EDEA76B74}
	EndGlobalSection
EndGlobal
